
Microsoft Visual Studio Solution File, Format Version 12.00
# Visual Studio Version 17
VisualStudioVersion = 17.3.32929.385
MinimumVisualStudioVersion = 10.0.40219.1
Project("{9A19103F-16F7-4668-BE54-9A1E7A4F7556}") = "Geens.Api", "Geens.Api\Geens.Api.csproj", "{D015E965-3EEF-4102-BFBA-D0804FD537CF}"
EndProject
Project("{9A19103F-16F7-4668-BE54-9A1E7A4F7556}") = "Geens.Tests", "Geens.Tests\Geens.Tests.csproj", "{F2F49573-B98C-4C7F-A91F-BBE72932F807}"
EndProject
Project("{2150E333-8FDC-42A3-9474-1A3956D46DE8}") = "Geens_Sources", "Geens_Sources", "{3F5F0B5E-BC0E-4560-933E-3B3B7BB3DAC0}"
EndProject
Project("{2150E333-8FDC-42A3-9474-1A3956D46DE8}") = "Geens_Tests", "Geens_Tests", "{44996D6F-AE2E-4E59-B463-9869ACEE0FE7}"
EndProject
Project("{2150E333-8FDC-42A3-9474-1A3956D46DE8}") = "Geens.Api", "Geens.Api", "{8087D6CA-A68F-492F-B2E3-16F915F912FA}"
EndProject
Project("{2150E333-8FDC-42A3-9474-1A3956D46DE8}") = "Geens.Data", "Geens.Data", "{91FEEAF2-E1D4-4A56-804D-2A539366177A}"
EndProject
Project("{2150E333-8FDC-42A3-9474-1A3956D46DE8}") = "Geens.Domain", "Geens.Domain", "{23A995C5-856A-49F1-86E4-24006FB70BE4}"
EndProject
Project("{2150E333-8FDC-42A3-9474-1A3956D46DE8}") = "Geens.Application", "Geens.Application", "{66191433-966C-46F7-9CD8-28BE536EC998}"
EndProject
Project("{2150E333-8FDC-42A3-9474-1A3956D46DE8}") = "Geens.Features", "Geens.Features", "{1AF85146-CE2F-4E98-9299-C3C770672C88}"
EndProject
Project("{2150E333-8FDC-42A3-9474-1A3956D46DE8}") = "Geens.Ioc", "Geens.Ioc", "{2C6FCA93-224B-4921-9FE3-356E8D840A36}"
EndProject
Global
	GlobalSection(SolutionConfigurationPlatforms) = preSolution
		Debug|Any CPU = Debug|Any CPU
		Release|Any CPU = Release|Any CPU
	EndGlobalSection
	GlobalSection(ProjectConfigurationPlatforms) = postSolution
		{D015E965-3EEF-4102-BFBA-D0804FD537CF}.Debug|Any CPU.ActiveCfg = Debug|Any CPU
		{D015E965-3EEF-4102-BFBA-D0804FD537CF}.Debug|Any CPU.Build.0 = Debug|Any CPU
		{D015E965-3EEF-4102-BFBA-D0804FD537CF}.Release|Any CPU.ActiveCfg = Release|Any CPU
		{D015E965-3EEF-4102-BFBA-D0804FD537CF}.Release|Any CPU.Build.0 = Release|Any CPU
		{F2F49573-B98C-4C7F-A91F-BBE72932F807}.Debug|Any CPU.ActiveCfg = Debug|Any CPU
		{F2F49573-B98C-4C7F-A91F-BBE72932F807}.Debug|Any CPU.Build.0 = Debug|Any CPU
		{F2F49573-B98C-4C7F-A91F-BBE72932F807}.Release|Any CPU.ActiveCfg = Release|Any CPU
		{F2F49573-B98C-4C7F-A91F-BBE72932F807}.Release|Any CPU.Build.0 = Release|Any CPU
	EndGlobalSection
	GlobalSection(SolutionProperties) = preSolution
		HideSolutionNode = FALSE
	EndGlobalSection
	GlobalSection(NestedProjects) = preSolution
		{D015E965-3EEF-4102-BFBA-D0804FD537CF} = {8087D6CA-A68F-492F-B2E3-16F915F912FA}
		{F2F49573-B98C-4C7F-A91F-BBE72932F807} = {44996D6F-AE2E-4E59-B463-9869ACEE0FE7}
		{8087D6CA-A68F-492F-B2E3-16F915F912FA} = {3F5F0B5E-BC0E-4560-933E-3B3B7BB3DAC0}
		{91FEEAF2-E1D4-4A56-804D-2A539366177A} = {3F5F0B5E-BC0E-4560-933E-3B3B7BB3DAC0}
		{23A995C5-856A-49F1-86E4-24006FB70BE4} = {3F5F0B5E-BC0E-4560-933E-3B3B7BB3DAC0}
		{66191433-966C-46F7-9CD8-28BE536EC998} = {3F5F0B5E-BC0E-4560-933E-3B3B7BB3DAC0}
		{1AF85146-CE2F-4E98-9299-C3C770672C88} = {3F5F0B5E-BC0E-4560-933E-3B3B7BB3DAC0}
		{2C6FCA93-224B-4921-9FE3-356E8D840A36} = {3F5F0B5E-BC0E-4560-933E-3B3B7BB3DAC0}
	EndGlobalSection
	GlobalSection(ExtensibilityGlobals) = postSolution
		SolutionGuid = {95EF6E4E-9C71-4E4D-ADA3-8AF5EF88BE82}
	EndGlobalSection
EndGlobal
